
Microsoft Visual Studio Solution File, Format Version 12.00
# Visual Studio Version 17
VisualStudioVersion = 17.14.36221.1 d17.14
MinimumVisualStudioVersion = 10.0.40219.1
Project("{FAE04EC0-301F-11D3-BF4B-00C04F79EFBC}") = "Battleship.UI", "Battleship.UI\Battleship.UI.csproj", "{F5D9AE4C-3141-43CC-A9CC-EB3524C76407}"
EndProject
Global
	GlobalSection(SolutionConfigurationPlatforms) = preSolution
		Debug|Any CPU = Debug|Any CPU
		Release|Any CPU = Release|Any CPU
	EndGlobalSection
	GlobalSection(ProjectConfigurationPlatforms) = postSolution
		{F5D9AE4C-3141-43CC-A9CC-EB3524C76407}.Debug|Any CPU.ActiveCfg = Debug|Any CPU
		{F5D9AE4C-3141-43CC-A9CC-EB3524C76407}.Debug|Any CPU.Build.0 = Debug|Any CPU
		{F5D9AE4C-3141-43CC-A9CC-EB3524C76407}.Release|Any CPU.ActiveCfg = Release|Any CPU
		{F5D9AE4C-3141-43CC-A9CC-EB3524C76407}.Release|Any CPU.Build.0 = Release|Any CPU
	EndGlobalSection
	GlobalSection(SolutionProperties) = preSolution
		HideSolutionNode = FALSE
	EndGlobalSection
	GlobalSection(ExtensibilityGlobals) = postSolution
		SolutionGuid = {B5EAECB1-E1F4-43A9-BC38-232DC9F2E64C}
	EndGlobalSection
EndGlobal
